
Microsoft Visual Studio Solution File, Format Version 12.00
# Visual Studio Version 16
VisualStudioVersion = 16.0.29503.13
MinimumVisualStudioVersion = 10.0.40219.1
Project("{FAE04EC0-301F-11D3-BF4B-00C04F79EFBC}") = "AlertConsoleCore", "AlertConsoleCore\AlertConsoleCore.csproj", "{F1FDB527-052A-487B-B801-13B77A2157F7}"
EndProject
Global
	GlobalSection(SolutionConfigurationPlatforms) = preSolution
		Debug|Any CPU = Debug|Any CPU
		Release|Any CPU = Release|Any CPU
	EndGlobalSection
	GlobalSection(ProjectConfigurationPlatforms) = postSolution
		{F1FDB527-052A-487B-B801-13B77A2157F7}.Debug|Any CPU.ActiveCfg = Debug|Any CPU
		{F1FDB527-052A-487B-B801-13B77A2157F7}.Debug|Any CPU.Build.0 = Debug|Any CPU
		{F1FDB527-052A-487B-B801-13B77A2157F7}.Release|Any CPU.ActiveCfg = Release|Any CPU
		{F1FDB527-052A-487B-B801-13B77A2157F7}.Release|Any CPU.Build.0 = Release|Any CPU
	EndGlobalSection
	GlobalSection(SolutionProperties) = preSolution
		HideSolutionNode = FALSE
	EndGlobalSection
	GlobalSection(ExtensibilityGlobals) = postSolution
		SolutionGuid = {F9E79A52-7134-40C4-8924-592902502E43}
	EndGlobalSection
EndGlobal
